
Microsoft Visual Studio Solution File, Format Version 12.00
# Visual Studio Version 17
VisualStudioVersion = 17.0.32112.339
MinimumVisualStudioVersion = 10.0.40219.1
Project("{9A19103F-16F7-4668-BE54-9A1E7A4F7556}") = "DevBlog", "DevBlog\DevBlog.csproj", "{A1D936AD-C122-437B-AC7F-AC3FDABCD6C4}"
EndProject
Project("{9A19103F-16F7-4668-BE54-9A1E7A4F7556}") = "DevBlog.Common", "DevBlog.Common\DevBlog.Common.csproj", "{117CEE92-1402-4D43-84A1-786138F0FC36}"
EndProject
Project("{FAE04EC0-301F-11D3-BF4B-00C04F79EFBC}") = "DevBlogTest", "DevBlogTest\DevBlogTest.csproj", "{73DB0340-22B7-462D-8AD7-B6A6474644DD}"
EndProject
Global
	GlobalSection(SolutionConfigurationPlatforms) = preSolution
		Debug|Any CPU = Debug|Any CPU
		Release|Any CPU = Release|Any CPU
	EndGlobalSection
	GlobalSection(ProjectConfigurationPlatforms) = postSolution
		{A1D936AD-C122-437B-AC7F-AC3FDABCD6C4}.Debug|Any CPU.ActiveCfg = Debug|Any CPU
		{A1D936AD-C122-437B-AC7F-AC3FDABCD6C4}.Debug|Any CPU.Build.0 = Debug|Any CPU
		{A1D936AD-C122-437B-AC7F-AC3FDABCD6C4}.Release|Any CPU.ActiveCfg = Release|Any CPU
		{A1D936AD-C122-437B-AC7F-AC3FDABCD6C4}.Release|Any CPU.Build.0 = Release|Any CPU
		{117CEE92-1402-4D43-84A1-786138F0FC36}.Debug|Any CPU.ActiveCfg = Debug|Any CPU
		{117CEE92-1402-4D43-84A1-786138F0FC36}.Debug|Any CPU.Build.0 = Debug|Any CPU
		{117CEE92-1402-4D43-84A1-786138F0FC36}.Release|Any CPU.ActiveCfg = Release|Any CPU
		{117CEE92-1402-4D43-84A1-786138F0FC36}.Release|Any CPU.Build.0 = Release|Any CPU
		{73DB0340-22B7-462D-8AD7-B6A6474644DD}.Debug|Any CPU.ActiveCfg = Debug|Any CPU
		{73DB0340-22B7-462D-8AD7-B6A6474644DD}.Debug|Any CPU.Build.0 = Debug|Any CPU
		{73DB0340-22B7-462D-8AD7-B6A6474644DD}.Release|Any CPU.ActiveCfg = Release|Any CPU
		{73DB0340-22B7-462D-8AD7-B6A6474644DD}.Release|Any CPU.Build.0 = Release|Any CPU
	EndGlobalSection
	GlobalSection(SolutionProperties) = preSolution
		HideSolutionNode = FALSE
	EndGlobalSection
	GlobalSection(ExtensibilityGlobals) = postSolution
		SolutionGuid = {0F318499-05BD-43F9-B66B-EF5733A19F52}
	EndGlobalSection
EndGlobal
