
Microsoft Visual Studio Solution File, Format Version 12.00
# Visual Studio Version 17
VisualStudioVersion = 17.0.32112.339
MinimumVisualStudioVersion = 10.0.40219.1
Project("{FAE04EC0-301F-11D3-BF4B-00C04F79EFBC}") = "Names", "Names\Names.csproj", "{F543A4D6-EDC3-4D89-8E34-7454B3EC1DBC}"
EndProject
Global
	GlobalSection(SolutionConfigurationPlatforms) = preSolution
		Debug|Any CPU = Debug|Any CPU
		Release|Any CPU = Release|Any CPU
	EndGlobalSection
	GlobalSection(ProjectConfigurationPlatforms) = postSolution
		{F543A4D6-EDC3-4D89-8E34-7454B3EC1DBC}.Debug|Any CPU.ActiveCfg = Debug|Any CPU
		{F543A4D6-EDC3-4D89-8E34-7454B3EC1DBC}.Debug|Any CPU.Build.0 = Debug|Any CPU
		{F543A4D6-EDC3-4D89-8E34-7454B3EC1DBC}.Release|Any CPU.ActiveCfg = Release|Any CPU
		{F543A4D6-EDC3-4D89-8E34-7454B3EC1DBC}.Release|Any CPU.Build.0 = Release|Any CPU
	EndGlobalSection
	GlobalSection(SolutionProperties) = preSolution
		HideSolutionNode = FALSE
	EndGlobalSection
	GlobalSection(ExtensibilityGlobals) = postSolution
		SolutionGuid = {64ECF4C9-6E35-45AA-ADBF-59748CE0770C}
	EndGlobalSection
EndGlobal
